
Microsoft Visual Studio Solution File, Format Version 12.00
# Visual Studio Version 17
VisualStudioVersion = 17.6.33712.159
MinimumVisualStudioVersion = 10.0.40219.1
Project("{FAE04EC0-301F-11D3-BF4B-00C04F79EFBC}") = "Lab5_dotnet", "Lab5_dotnet\Lab5_dotnet.csproj", "{2DEB3966-0879-4653-96BF-17532636684D}"
EndProject
Global
	GlobalSection(SolutionConfigurationPlatforms) = preSolution
		Debug|Any CPU = Debug|Any CPU
		Release|Any CPU = Release|Any CPU
	EndGlobalSection
	GlobalSection(ProjectConfigurationPlatforms) = postSolution
		{2DEB3966-0879-4653-96BF-17532636684D}.Debug|Any CPU.ActiveCfg = Debug|Any CPU
		{2DEB3966-0879-4653-96BF-17532636684D}.Debug|Any CPU.Build.0 = Debug|Any CPU
		{2DEB3966-0879-4653-96BF-17532636684D}.Release|Any CPU.ActiveCfg = Release|Any CPU
		{2DEB3966-0879-4653-96BF-17532636684D}.Release|Any CPU.Build.0 = Release|Any CPU
	EndGlobalSection
	GlobalSection(SolutionProperties) = preSolution
		HideSolutionNode = FALSE
	EndGlobalSection
	GlobalSection(ExtensibilityGlobals) = postSolution
		SolutionGuid = {C09E599D-4653-4A84-9C07-492878A8EDE2}
	EndGlobalSection
EndGlobal
